
Microsoft Visual Studio Solution File, Format Version 11.00
# Visual Studio 2010
Project("{8BC9CEB8-8B4A-11D0-8D11-00A0C91BC942}") = "MultiWii", "MultiWii.vcxproj", "{E4CB2357-0F22-436C-9F6F-0908961FCEDF}"
EndProject
Global
	GlobalSection(SolutionConfigurationPlatforms) = preSolution
		Debug|Win32 = Debug|Win32
		Release|Win32 = Release|Win32
	EndGlobalSection
	GlobalSection(ProjectConfigurationPlatforms) = postSolution
		{E4CB2357-0F22-436C-9F6F-0908961FCEDF}.Debug|Win32.ActiveCfg = Debug|Win32
		{E4CB2357-0F22-436C-9F6F-0908961FCEDF}.Debug|Win32.Build.0 = Debug|Win32
		{E4CB2357-0F22-436C-9F6F-0908961FCEDF}.Release|Win32.ActiveCfg = Release|Win32
		{E4CB2357-0F22-436C-9F6F-0908961FCEDF}.Release|Win32.Build.0 = Release|Win32
	EndGlobalSection
	GlobalSection(SolutionProperties) = preSolution
		HideSolutionNode = FALSE
	EndGlobalSection
EndGlobal
